
Microsoft Visual Studio Solution File, Format Version 12.00
# Visual Studio Version 17
VisualStudioVersion = 17.8.34525.116
MinimumVisualStudioVersion = 10.0.40219.1
Project("{FAE04EC0-301F-11D3-BF4B-00C04F79EFBC}") = "Eloadas", "Eloadas\Eloadas.csproj", "{9C5071AF-415A-4421-871B-FD4E550F891A}"
EndProject
Project("{FAE04EC0-301F-11D3-BF4B-00C04F79EFBC}") = "TestEloadasProject", "TestEloadasProject\TestEloadasProject.csproj", "{98FFC6EA-3666-4875-B3CC-488EDAA02C04}"
EndProject
Global
	GlobalSection(SolutionConfigurationPlatforms) = preSolution
		Debug|Any CPU = Debug|Any CPU
		Release|Any CPU = Release|Any CPU
	EndGlobalSection
	GlobalSection(ProjectConfigurationPlatforms) = postSolution
		{9C5071AF-415A-4421-871B-FD4E550F891A}.Debug|Any CPU.ActiveCfg = Debug|Any CPU
		{9C5071AF-415A-4421-871B-FD4E550F891A}.Debug|Any CPU.Build.0 = Debug|Any CPU
		{9C5071AF-415A-4421-871B-FD4E550F891A}.Release|Any CPU.ActiveCfg = Release|Any CPU
		{9C5071AF-415A-4421-871B-FD4E550F891A}.Release|Any CPU.Build.0 = Release|Any CPU
		{98FFC6EA-3666-4875-B3CC-488EDAA02C04}.Debug|Any CPU.ActiveCfg = Debug|Any CPU
		{98FFC6EA-3666-4875-B3CC-488EDAA02C04}.Debug|Any CPU.Build.0 = Debug|Any CPU
		{98FFC6EA-3666-4875-B3CC-488EDAA02C04}.Release|Any CPU.ActiveCfg = Release|Any CPU
		{98FFC6EA-3666-4875-B3CC-488EDAA02C04}.Release|Any CPU.Build.0 = Release|Any CPU
	EndGlobalSection
	GlobalSection(SolutionProperties) = preSolution
		HideSolutionNode = FALSE
	EndGlobalSection
	GlobalSection(ExtensibilityGlobals) = postSolution
		SolutionGuid = {14552F8E-44E6-487F-AE90-A3C6DD0D0EB5}
	EndGlobalSection
EndGlobal
